// !$*UTF8*$!
{
	archiveVersion = 1;
	classes = {
	};
	objectVersion = 46;
	objects = {

/* Begin PBXBuildFile section */
		22A3A2F515924E77002C1A3E /* CreateFieldTripViewController.m in Sources */ = {isa = PBXBuildFile; fileRef = 22A3A2F415924E77002C1A3E /* CreateFieldTripViewController.m */; };
		22B2CC9015812555001AACFB /* UIKit.framework in Frameworks */ = {isa = PBXBuildFile; fileRef = 22B2CC8F15812555001AACFB /* UIKit.framework */; };
		22B2CC9215812555001AACFB /* Foundation.framework in Frameworks */ = {isa = PBXBuildFile; fileRef = 22B2CC9115812555001AACFB /* Foundation.framework */; };
		22B2CC9415812555001AACFB /* CoreGraphics.framework in Frameworks */ = {isa = PBXBuildFile; fileRef = 22B2CC9315812555001AACFB /* CoreGraphics.framework */; };
		22B2CC9A15812555001AACFB /* InfoPlist.strings in Resources */ = {isa = PBXBuildFile; fileRef = 22B2CC9815812555001AACFB /* InfoPlist.strings */; };
		22B2CC9C15812555001AACFB /* main.m in Sources */ = {isa = PBXBuildFile; fileRef = 22B2CC9B15812555001AACFB /* main.m */; };
		22B2CCA015812555001AACFB /* FieldTripAppDelegate.m in Sources */ = {isa = PBXBuildFile; fileRef = 22B2CC9F15812555001AACFB /* FieldTripAppDelegate.m */; };
		22B2CCA315812555001AACFB /* MainStoryboard_iPhone.storyboard in Resources */ = {isa = PBXBuildFile; fileRef = 22B2CCA115812555001AACFB /* MainStoryboard_iPhone.storyboard */; };
		22B2CCA615812555001AACFB /* MainStoryboard_iPad.storyboard in Resources */ = {isa = PBXBuildFile; fileRef = 22B2CCA415812555001AACFB /* MainStoryboard_iPad.storyboard */; };
		22B2CCA915812555001AACFB /* FieldTripViewController.m in Sources */ = {isa = PBXBuildFile; fileRef = 22B2CCA815812555001AACFB /* FieldTripViewController.m */; };
		22B2CCC51581258E001AACFB /* AFHTTPClient.m in Sources */ = {isa = PBXBuildFile; fileRef = 22B2CCB11581258E001AACFB /* AFHTTPClient.m */; settings = {COMPILER_FLAGS = "-fno-objc-arc"; }; };
		22B2CCC61581258E001AACFB /* AFHTTPRequestOperation.m in Sources */ = {isa = PBXBuildFile; fileRef = 22B2CCB31581258E001AACFB /* AFHTTPRequestOperation.m */; settings = {COMPILER_FLAGS = "-fno-objc-arc"; }; };
		22B2CCC71581258E001AACFB /* AFImageRequestOperation.m in Sources */ = {isa = PBXBuildFile; fileRef = 22B2CCB51581258E001AACFB /* AFImageRequestOperation.m */; settings = {COMPILER_FLAGS = "-fno-objc-arc"; }; };
		22B2CCC81581258E001AACFB /* AFJSONRequestOperation.m in Sources */ = {isa = PBXBuildFile; fileRef = 22B2CCB71581258E001AACFB /* AFJSONRequestOperation.m */; settings = {COMPILER_FLAGS = "-fno-objc-arc"; }; };
		22B2CCC91581258E001AACFB /* AFJSONUtilities.m in Sources */ = {isa = PBXBuildFile; fileRef = 22B2CCB91581258E001AACFB /* AFJSONUtilities.m */; settings = {COMPILER_FLAGS = "-fno-objc-arc"; }; };
		22B2CCCA1581258E001AACFB /* AFNetworkActivityIndicatorManager.m in Sources */ = {isa = PBXBuildFile; fileRef = 22B2CCBB1581258E001AACFB /* AFNetworkActivityIndicatorManager.m */; settings = {COMPILER_FLAGS = "-fno-objc-arc"; }; };
		22B2CCCB1581258E001AACFB /* AFPropertyListRequestOperation.m in Sources */ = {isa = PBXBuildFile; fileRef = 22B2CCBE1581258E001AACFB /* AFPropertyListRequestOperation.m */; settings = {COMPILER_FLAGS = "-fno-objc-arc"; }; };
		22B2CCCC1581258E001AACFB /* AFURLConnectionOperation.m in Sources */ = {isa = PBXBuildFile; fileRef = 22B2CCC01581258E001AACFB /* AFURLConnectionOperation.m */; settings = {COMPILER_FLAGS = "-fno-objc-arc"; }; };
		22B2CCCD1581258E001AACFB /* AFXMLRequestOperation.m in Sources */ = {isa = PBXBuildFile; fileRef = 22B2CCC21581258E001AACFB /* AFXMLRequestOperation.m */; settings = {COMPILER_FLAGS = "-fno-objc-arc"; }; };
		22B2CCCE1581258E001AACFB /* UIImageView+AFNetworking.m in Sources */ = {isa = PBXBuildFile; fileRef = 22B2CCC41581258E001AACFB /* UIImageView+AFNetworking.m */; settings = {COMPILER_FLAGS = "-fno-objc-arc"; }; };
/* End PBXBuildFile section */

/* Begin PBXFileReference section */
		22A3A2F315924E77002C1A3E /* CreateFieldTripViewController.h */ = {isa = PBXFileReference; fileEncoding = 4; lastKnownFileType = sourcecode.c.h; path = CreateFieldTripViewController.h; sourceTree = "<group>"; };
		22A3A2F415924E77002C1A3E /* CreateFieldTripViewController.m */ = {isa = PBXFileReference; fileEncoding = 4; lastKnownFileType = sourcecode.c.objc; path = CreateFieldTripViewController.m; sourceTree = "<group>"; };
		22B2CC8B15812555001AACFB /* FieldTrip.app */ = {isa = PBXFileReference; explicitFileType = wrapper.application; includeInIndex = 0; path = FieldTrip.app; sourceTree = BUILT_PRODUCTS_DIR; };
		22B2CC8F15812555001AACFB /* UIKit.framework */ = {isa = PBXFileReference; lastKnownFileType = wrapper.framework; name = UIKit.framework; path = System/Library/Frameworks/UIKit.framework; sourceTree = SDKROOT; };
		22B2CC9115812555001AACFB /* Foundation.framework */ = {isa = PBXFileReference; lastKnownFileType = wrapper.framework; name = Foundation.framework; path = System/Library/Frameworks/Foundation.framework; sourceTree = SDKROOT; };
		22B2CC9315812555001AACFB /* CoreGraphics.framework */ = {isa = PBXFileReference; lastKnownFileType = wrapper.framework; name = CoreGraphics.framework; path = System/Library/Frameworks/CoreGraphics.framework; sourceTree = SDKROOT; };
		22B2CC9715812555001AACFB /* FieldTrip-Info.plist */ = {isa = PBXFileReference; lastKnownFileType = text.plist.xml; path = "FieldTrip-Info.plist"; sourceTree = "<group>"; };
		22B2CC9915812555001AACFB /* en */ = {isa = PBXFileReference; lastKnownFileType = text.plist.strings; name = en; path = en.lproj/InfoPlist.strings; sourceTree = "<group>"; };
		22B2CC9B15812555001AACFB /* main.m */ = {isa = PBXFileReference; lastKnownFileType = sourcecode.c.objc; path = main.m; sourceTree = "<group>"; };
		22B2CC9D15812555001AACFB /* FieldTrip-Prefix.pch */ = {isa = PBXFileReference; lastKnownFileType = sourcecode.c.h; path = "FieldTrip-Prefix.pch"; sourceTree = "<group>"; };
		22B2CC9E15812555001AACFB /* FieldTripAppDelegate.h */ = {isa = PBXFileReference; lastKnownFileType = sourcecode.c.h; path = FieldTripAppDelegate.h; sourceTree = "<group>"; };
		22B2CC9F15812555001AACFB /* FieldTripAppDelegate.m */ = {isa = PBXFileReference; lastKnownFileType = sourcecode.c.objc; path = FieldTripAppDelegate.m; sourceTree = "<group>"; };
		22B2CCA215812555001AACFB /* en */ = {isa = PBXFileReference; lastKnownFileType = file.storyboard; name = en; path = en.lproj/MainStoryboard_iPhone.storyboard; sourceTree = "<group>"; };
		22B2CCA515812555001AACFB /* en */ = {isa = PBXFileReference; lastKnownFileType = file.storyboard; name = en; path = en.lproj/MainStoryboard_iPad.storyboard; sourceTree = "<group>"; };
		22B2CCA715812555001AACFB /* FieldTripViewController.h */ = {isa = PBXFileReference; lastKnownFileType = sourcecode.c.h; path = FieldTripViewController.h; sourceTree = "<group>"; };
		22B2CCA815812555001AACFB /* FieldTripViewController.m */ = {isa = PBXFileReference; lastKnownFileType = sourcecode.c.objc; path = FieldTripViewController.m; sourceTree = "<group>"; };
		22B2CCB01581258E001AACFB /* AFHTTPClient.h */ = {isa = PBXFileReference; fileEncoding = 4; lastKnownFileType = sourcecode.c.h; path = AFHTTPClient.h; sourceTree = "<group>"; };
		22B2CCB11581258E001AACFB /* AFHTTPClient.m */ = {isa = PBXFileReference; fileEncoding = 4; lastKnownFileType = sourcecode.c.objc; path = AFHTTPClient.m; sourceTree = "<group>"; };
		22B2CCB21581258E001AACFB /* AFHTTPRequestOperation.h */ = {isa = PBXFileReference; fileEncoding = 4; lastKnownFileType = sourcecode.c.h; path = AFHTTPRequestOperation.h; sourceTree = "<group>"; };
		22B2CCB31581258E001AACFB /* AFHTTPRequestOperation.m */ = {isa = PBXFileReference; fileEncoding = 4; lastKnownFileType = sourcecode.c.objc; path = AFHTTPRequestOperation.m; sourceTree = "<group>"; };
		22B2CCB41581258E001AACFB /* AFImageRequestOperation.h */ = {isa = PBXFileReference; fileEncoding = 4; lastKnownFileType = sourcecode.c.h; path = AFImageRequestOperation.h; sourceTree = "<group>"; };
		22B2CCB51581258E001AACFB /* AFImageRequestOperation.m */ = {isa = PBXFileReference; fileEncoding = 4; lastKnownFileType = sourcecode.c.objc; path = AFImageRequestOperation.m; sourceTree = "<group>"; };
		22B2CCB61581258E001AACFB /* AFJSONRequestOperation.h */ = {isa = PBXFileReference; fileEncoding = 4; lastKnownFileType = sourcecode.c.h; path = AFJSONRequestOperation.h; sourceTree = "<group>"; };
		22B2CCB71581258E001AACFB /* AFJSONRequestOperation.m */ = {isa = PBXFileReference; fileEncoding = 4; lastKnownFileType = sourcecode.c.objc; path = AFJSONRequestOperation.m; sourceTree = "<group>"; };
		22B2CCB81581258E001AACFB /* AFJSONUtilities.h */ = {isa = PBXFileReference; fileEncoding = 4; lastKnownFileType = sourcecode.c.h; path = AFJSONUtilities.h; sourceTree = "<group>"; };
		22B2CCB91581258E001AACFB /* AFJSONUtilities.m */ = {isa = PBXFileReference; fileEncoding = 4; lastKnownFileType = sourcecode.c.objc; path = AFJSONUtilities.m; sourceTree = "<group>"; };
		22B2CCBA1581258E001AACFB /* AFNetworkActivityIndicatorManager.h */ = {isa = PBXFileReference; fileEncoding = 4; lastKnownFileType = sourcecode.c.h; path = AFNetworkActivityIndicatorManager.h; sourceTree = "<group>"; };
		22B2CCBB1581258E001AACFB /* AFNetworkActivityIndicatorManager.m */ = {isa = PBXFileReference; fileEncoding = 4; lastKnownFileType = sourcecode.c.objc; path = AFNetworkActivityIndicatorManager.m; sourceTree = "<group>"; };
		22B2CCBC1581258E001AACFB /* AFNetworking.h */ = {isa = PBXFileReference; fileEncoding = 4; lastKnownFileType = sourcecode.c.h; path = AFNetworking.h; sourceTree = "<group>"; };
		22B2CCBD1581258E001AACFB /* AFPropertyListRequestOperation.h */ = {isa = PBXFileReference; fileEncoding = 4; lastKnownFileType = sourcecode.c.h; path = AFPropertyListRequestOperation.h; sourceTree = "<group>"; };
		22B2CCBE1581258E001AACFB /* AFPropertyListRequestOperation.m */ = {isa = PBXFileReference; fileEncoding = 4; lastKnownFileType = sourcecode.c.objc; path = AFPropertyListRequestOperation.m; sourceTree = "<group>"; };
		22B2CCBF1581258E001AACFB /* AFURLConnectionOperation.h */ = {isa = PBXFileReference; fileEncoding = 4; lastKnownFileType = sourcecode.c.h; path = AFURLConnectionOperation.h; sourceTree = "<group>"; };
		22B2CCC01581258E001AACFB /* AFURLConnectionOperation.m */ = {isa = PBXFileReference; fileEncoding = 4; lastKnownFileType = sourcecode.c.objc; path = AFURLConnectionOperation.m; sourceTree = "<group>"; };
		22B2CCC11581258E001AACFB /* AFXMLRequestOperation.h */ = {isa = PBXFileReference; fileEncoding = 4; lastKnownFileType = sourcecode.c.h; path = AFXMLRequestOperation.h; sourceTree = "<group>"; };
		22B2CCC21581258E001AACFB /* AFXMLRequestOperation.m */ = {isa = PBXFileReference; fileEncoding = 4; lastKnownFileType = sourcecode.c.objc; path = AFXMLRequestOperation.m; sourceTree = "<group>"; };
		22B2CCC31581258E001AACFB /* UIImageView+AFNetworking.h */ = {isa = PBXFileReference; fileEncoding = 4; lastKnownFileType = sourcecode.c.h; path = "UIImageView+AFNetworking.h"; sourceTree = "<group>"; };
		22B2CCC41581258E001AACFB /* UIImageView+AFNetworking.m */ = {isa = PBXFileReference; fileEncoding = 4; lastKnownFileType = sourcecode.c.objc; path = "UIImageView+AFNetworking.m"; sourceTree = "<group>"; };
/* End PBXFileReference section */

/* Begin PBXFrameworksBuildPhase section */
		22B2CC8815812555001AACFB /* Frameworks */ = {
			isa = PBXFrameworksBuildPhase;
			buildActionMask = 2147483647;
			files = (
				22B2CC9015812555001AACFB /* UIKit.framework in Frameworks */,
				22B2CC9215812555001AACFB /* Foundation.framework in Frameworks */,
				22B2CC9415812555001AACFB /* CoreGraphics.framework in Frameworks */,
			);
			runOnlyForDeploymentPostprocessing = 0;
		};
/* End PBXFrameworksBuildPhase section */

/* Begin PBXGroup section */
		22B2CC8015812554001AACFB = {
			isa = PBXGroup;
			children = (
				22B2CC9515812555001AACFB /* FieldTrip */,
				22B2CC8E15812555001AACFB /* Frameworks */,
				22B2CC8C15812555001AACFB /* Products */,
			);
			sourceTree = "<group>";
		};
		22B2CC8C15812555001AACFB /* Products */ = {
			isa = PBXGroup;
			children = (
				22B2CC8B15812555001AACFB /* FieldTrip.app */,
			);
			name = Products;
			sourceTree = "<group>";
		};
		22B2CC8E15812555001AACFB /* Frameworks */ = {
			isa = PBXGroup;
			children = (
				22B2CC8F15812555001AACFB /* UIKit.framework */,
				22B2CC9115812555001AACFB /* Foundation.framework */,
				22B2CC9315812555001AACFB /* CoreGraphics.framework */,
			);
			name = Frameworks;
			sourceTree = "<group>";
		};
		22B2CC9515812555001AACFB /* FieldTrip */ = {
			isa = PBXGroup;
			children = (
				22B2CC9E15812555001AACFB /* FieldTripAppDelegate.h */,
				22B2CC9F15812555001AACFB /* FieldTripAppDelegate.m */,
				22B2CCA115812555001AACFB /* MainStoryboard_iPhone.storyboard */,
				22B2CCA415812555001AACFB /* MainStoryboard_iPad.storyboard */,
				22B2CCA715812555001AACFB /* FieldTripViewController.h */,
				22B2CCA815812555001AACFB /* FieldTripViewController.m */,
				22B2CC9615812555001AACFB /* Supporting Files */,
				22A3A2F315924E77002C1A3E /* CreateFieldTripViewController.h */,
				22A3A2F415924E77002C1A3E /* CreateFieldTripViewController.m */,
			);
			path = FieldTrip;
			sourceTree = "<group>";
		};
		22B2CC9615812555001AACFB /* Supporting Files */ = {
			isa = PBXGroup;
			children = (
				22B2CCAF1581258E001AACFB /* AFNetworking */,
				22B2CC9715812555001AACFB /* FieldTrip-Info.plist */,
				22B2CC9815812555001AACFB /* InfoPlist.strings */,
				22B2CC9B15812555001AACFB /* main.m */,
				22B2CC9D15812555001AACFB /* FieldTrip-Prefix.pch */,
			);
			name = "Supporting Files";
			sourceTree = "<group>";
		};
		22B2CCAF1581258E001AACFB /* AFNetworking */ = {
			isa = PBXGroup;
			children = (
				22B2CCB01581258E001AACFB /* AFHTTPClient.h */,
				22B2CCB11581258E001AACFB /* AFHTTPClient.m */,
				22B2CCB21581258E001AACFB /* AFHTTPRequestOperation.h */,
				22B2CCB31581258E001AACFB /* AFHTTPRequestOperation.m */,
				22B2CCB41581258E001AACFB /* AFImageRequestOperation.h */,
				22B2CCB51581258E001AACFB /* AFImageRequestOperation.m */,
				22B2CCB61581258E001AACFB /* AFJSONRequestOperation.h */,
				22B2CCB71581258E001AACFB /* AFJSONRequestOperation.m */,
				22B2CCB81581258E001AACFB /* AFJSONUtilities.h */,
				22B2CCB91581258E001AACFB /* AFJSONUtilities.m */,
				22B2CCBA1581258E001AACFB /* AFNetworkActivityIndicatorManager.h */,
				22B2CCBB1581258E001AACFB /* AFNetworkActivityIndicatorManager.m */,
				22B2CCBC1581258E001AACFB /* AFNetworking.h */,
				22B2CCBD1581258E001AACFB /* AFPropertyListRequestOperation.h */,
				22B2CCBE1581258E001AACFB /* AFPropertyListRequestOperation.m */,
				22B2CCBF1581258E001AACFB /* AFURLConnectionOperation.h */,
				22B2CCC01581258E001AACFB /* AFURLConnectionOperation.m */,
				22B2CCC11581258E001AACFB /* AFXMLRequestOperation.h */,
				22B2CCC21581258E001AACFB /* AFXMLRequestOperation.m */,
				22B2CCC31581258E001AACFB /* UIImageView+AFNetworking.h */,
				22B2CCC41581258E001AACFB /* UIImageView+AFNetworking.m */,
			);
			path = AFNetworking;
			sourceTree = "<group>";
		};
/* End PBXGroup section */

/* Begin PBXNativeTarget section */
		22B2CC8A15812555001AACFB /* FieldTrip */ = {
			isa = PBXNativeTarget;
			buildConfigurationList = 22B2CCAC15812555001AACFB /* Build configuration list for PBXNativeTarget "FieldTrip" */;
			buildPhases = (
				22B2CC8715812555001AACFB /* Sources */,
				22B2CC8815812555001AACFB /* Frameworks */,
				22B2CC8915812555001AACFB /* Resources */,
			);
			buildRules = (
			);
			dependencies = (
			);
			name = FieldTrip;
			productName = FieldTrip;
			productReference = 22B2CC8B15812555001AACFB /* FieldTrip.app */;
			productType = "com.apple.product-type.application";
		};
/* End PBXNativeTarget section */

/* Begin PBXProject section */
		22B2CC8215812554001AACFB /* Project object */ = {
			isa = PBXProject;
			attributes = {
				CLASSPREFIX = FieldTrip;
				LastUpgradeCheck = 0430;
				ORGANIZATIONNAME = "Software Brewmasters Inc";
			};
			buildConfigurationList = 22B2CC8515812554001AACFB /* Build configuration list for PBXProject "FieldTrip" */;
			compatibilityVersion = "Xcode 3.2";
			developmentRegion = English;
			hasScannedForEncodings = 0;
			knownRegions = (
				en,
			);
			mainGroup = 22B2CC8015812554001AACFB;
			productRefGroup = 22B2CC8C15812555001AACFB /* Products */;
			projectDirPath = "";
			projectRoot = "";
			targets = (
				22B2CC8A15812555001AACFB /* FieldTrip */,
			);
		};
/* End PBXProject section */

/* Begin PBXResourcesBuildPhase section */
		22B2CC8915812555001AACFB /* Resources */ = {
			isa = PBXResourcesBuildPhase;
			buildActionMask = 2147483647;
			files = (
				22B2CC9A15812555001AACFB /* InfoPlist.strings in Resources */,
				22B2CCA315812555001AACFB /* MainStoryboard_iPhone.storyboard in Resources */,
				22B2CCA615812555001AACFB /* MainStoryboard_iPad.storyboard in Resources */,
			);
			runOnlyForDeploymentPostprocessing = 0;
		};
/* End PBXResourcesBuildPhase section */

/* Begin PBXSourcesBuildPhase section */
		22B2CC8715812555001AACFB /* Sources */ = {
			isa = PBXSourcesBuildPhase;
			buildActionMask = 2147483647;
			files = (
				22B2CC9C15812555001AACFB /* main.m in Sources */,
				22B2CCA015812555001AACFB /* FieldTripAppDelegate.m in Sources */,
				22B2CCA915812555001AACFB /* FieldTripViewController.m in Sources */,
				22B2CCC51581258E001AACFB /* AFHTTPClient.m in Sources */,
				22B2CCC61581258E001AACFB /* AFHTTPRequestOperation.m in Sources */,
				22B2CCC71581258E001AACFB /* AFImageRequestOperation.m in Sources */,
				22B2CCC81581258E001AACFB /* AFJSONRequestOperation.m in Sources */,
				22B2CCC91581258E001AACFB /* AFJSONUtilities.m in Sources */,
				22B2CCCA1581258E001AACFB /* AFNetworkActivityIndicatorManager.m in Sources */,
				22B2CCCB1581258E001AACFB /* AFPropertyListRequestOperation.m in Sources */,
				22B2CCCC1581258E001AACFB /* AFURLConnectionOperation.m in Sources */,
				22B2CCCD1581258E001AACFB /* AFXMLRequestOperation.m in Sources */,
				22B2CCCE1581258E001AACFB /* UIImageView+AFNetworking.m in Sources */,
				22A3A2F515924E77002C1A3E /* CreateFieldTripViewController.m in Sources */,
			);
			runOnlyForDeploymentPostprocessing = 0;
		};
/* End PBXSourcesBuildPhase section */

/* Begin PBXVariantGroup section */
		22B2CC9815812555001AACFB /* InfoPlist.strings */ = {
			isa = PBXVariantGroup;
			children = (
				22B2CC9915812555001AACFB /* en */,
			);
			name = InfoPlist.strings;
			sourceTree = "<group>";
		};
		22B2CCA115812555001AACFB /* MainStoryboard_iPhone.storyboard */ = {
			isa = PBXVariantGroup;
			children = (
				22B2CCA215812555001AACFB /* en */,
			);
			name = MainStoryboard_iPhone.storyboard;
			sourceTree = "<group>";
		};
		22B2CCA415812555001AACFB /* MainStoryboard_iPad.storyboard */ = {
			isa = PBXVariantGroup;
			children = (
				22B2CCA515812555001AACFB /* en */,
			);
			name = MainStoryboard_iPad.storyboard;
			sourceTree = "<group>";
		};
/* End PBXVariantGroup section */

/* Begin XCBuildConfiguration section */
		22B2CCAA15812555001AACFB /* Debug */ = {
			isa = XCBuildConfiguration;
			buildSettings = {
				ALWAYS_SEARCH_USER_PATHS = NO;
				ARCHS = "$(ARCHS_STANDARD_32_BIT)";
				CLANG_ENABLE_OBJC_ARC = YES;
				"CODE_SIGN_IDENTITY[sdk=iphoneos*]" = "iPhone Developer";
				COPY_PHASE_STRIP = NO;
				GCC_C_LANGUAGE_STANDARD = gnu99;
				GCC_DYNAMIC_NO_PIC = NO;
				GCC_OPTIMIZATION_LEVEL = 0;
				GCC_PREPROCESSOR_DEFINITIONS = (
					"DEBUG=1",
					"$(inherited)",
				);
				GCC_SYMBOLS_PRIVATE_EXTERN = NO;
				GCC_VERSION = com.apple.compilers.llvm.clang.1_0;
				GCC_WARN_ABOUT_RETURN_TYPE = YES;
				GCC_WARN_UNINITIALIZED_AUTOS = YES;
				GCC_WARN_UNUSED_VARIABLE = YES;
				IPHONEOS_DEPLOYMENT_TARGET = 5.1;
				SDKROOT = iphoneos;
				TARGETED_DEVICE_FAMILY = "1,2";
			};
			name = Debug;
		};
		22B2CCAB15812555001AACFB /* Release */ = {
			isa = XCBuildConfiguration;
			buildSettings = {
				ALWAYS_SEARCH_USER_PATHS = NO;
				ARCHS = "$(ARCHS_STANDARD_32_BIT)";
				CLANG_ENABLE_OBJC_ARC = YES;
				"CODE_SIGN_IDENTITY[sdk=iphoneos*]" = "iPhone Developer";
				COPY_PHASE_STRIP = YES;
				GCC_C_LANGUAGE_STANDARD = gnu99;
				GCC_VERSION = com.apple.compilers.llvm.clang.1_0;
				GCC_WARN_ABOUT_RETURN_TYPE = YES;
				GCC_WARN_UNINITIALIZED_AUTOS = YES;
				GCC_WARN_UNUSED_VARIABLE = YES;
				IPHONEOS_DEPLOYMENT_TARGET = 5.1;
				OTHER_CFLAGS = "-DNS_BLOCK_ASSERTIONS=1";
				SDKROOT = iphoneos;
				TARGETED_DEVICE_FAMILY = "1,2";
				VALIDATE_PRODUCT = YES;
			};
			name = Release;
		};
		22B2CCAD15812555001AACFB /* Debug */ = {
			isa = XCBuildConfiguration;
			buildSettings = {
				GCC_PRECOMPILE_PREFIX_HEADER = YES;
				GCC_PREFIX_HEADER = "FieldTrip/FieldTrip-Prefix.pch";
				INFOPLIST_FILE = "FieldTrip/FieldTrip-Info.plist";
				PRODUCT_NAME = "$(TARGET_NAME)";
				WRAPPER_EXTENSION = app;
			};
			name = Debug;
		};
		22B2CCAE15812555001AACFB /* Release */ = {
			isa = XCBuildConfiguration;
			buildSettings = {
				GCC_PRECOMPILE_PREFIX_HEADER = YES;
				GCC_PREFIX_HEADER = "FieldTrip/FieldTrip-Prefix.pch";
				INFOPLIST_FILE = "FieldTrip/FieldTrip-Info.plist";
				PRODUCT_NAME = "$(TARGET_NAME)";
				WRAPPER_EXTENSION = app;
			};
			name = Release;
		};
/* End XCBuildConfiguration section */

/* Begin XCConfigurationList section */
		22B2CC8515812554001AACFB /* Build configuration list for PBXProject "FieldTrip" */ = {
			isa = XCConfigurationList;
			buildConfigurations = (
				22B2CCAA15812555001AACFB /* Debug */,
				22B2CCAB15812555001AACFB /* Release */,
			);
			defaultConfigurationIsVisible = 0;
			defaultConfigurationName = Release;
		};
		22B2CCAC15812555001AACFB /* Build configuration list for PBXNativeTarget "FieldTrip" */ = {
			isa = XCConfigurationList;
			buildConfigurations = (
				22B2CCAD15812555001AACFB /* Debug */,
				22B2CCAE15812555001AACFB /* Release */,
			);
			defaultConfigurationIsVisible = 0;
			defaultConfigurationName = Release;
		};
/* End XCConfigurationList section */
	};
	rootObject = 22B2CC8215812554001AACFB /* Project object */;
}
